
Microsoft Visual Studio Solution File, Format Version 12.00
# Visual Studio 14
VisualStudioVersion = 14.0.23107.0
MinimumVisualStudioVersion = 10.0.40219.1
Project("{FAE04EC0-301F-11D3-BF4B-00C04F79EFBC}") = "topdown.CSharp", "topdown.CSharp.csproj", "{7EA67DF3-C17A-6201-6266-F50D300B1377}"
EndProject
Project("{FAB233B7-48E4-72BC-BC15-DAEA9D7D52E8}") = "topdown", "Assembly-UnityScript.unityproj", "{C25BA2B1-4299-E616-D47B-49665233A3A8}"
EndProject
Global
	GlobalSection(SolutionConfigurationPlatforms) = preSolution
		Debug|Any CPU = Debug|Any CPU
		Release|Any CPU = Release|Any CPU
	EndGlobalSection
	GlobalSection(ProjectConfigurationPlatforms) = postSolution
		{E744C1E9-A618-B8AF-2C4A-55191E3AB561}.Debug|Any CPU.ActiveCfg = Debug|Any CPU
		{E744C1E9-A618-B8AF-2C4A-55191E3AB561}.Debug|Any CPU.Build.0 = Debug|Any CPU
		{E744C1E9-A618-B8AF-2C4A-55191E3AB561}.Release|Any CPU.ActiveCfg = Release|Any CPU
		{E744C1E9-A618-B8AF-2C4A-55191E3AB561}.Release|Any CPU.Build.0 = Release|Any CPU
		{C25BA2B1-4299-E616-D47B-49665233A3A8}.Debug|Any CPU.ActiveCfg = Debug|Any CPU
		{C25BA2B1-4299-E616-D47B-49665233A3A8}.Debug|Any CPU.Build.0 = Debug|Any CPU
		{C25BA2B1-4299-E616-D47B-49665233A3A8}.Release|Any CPU.ActiveCfg = Release|Any CPU
		{C25BA2B1-4299-E616-D47B-49665233A3A8}.Release|Any CPU.Build.0 = Release|Any CPU
		{7EA67DF3-C17A-6201-6266-F50D300B1377}.Debug|Any CPU.ActiveCfg = Debug|Any CPU
		{7EA67DF3-C17A-6201-6266-F50D300B1377}.Debug|Any CPU.Build.0 = Debug|Any CPU
		{7EA67DF3-C17A-6201-6266-F50D300B1377}.Release|Any CPU.ActiveCfg = Release|Any CPU
		{7EA67DF3-C17A-6201-6266-F50D300B1377}.Release|Any CPU.Build.0 = Release|Any CPU
	EndGlobalSection
	GlobalSection(SolutionProperties) = preSolution
		HideSolutionNode = FALSE
	EndGlobalSection
EndGlobal
